
Microsoft Visual Studio Solution File, Format Version 12.00
# Visual Studio Version 17
VisualStudioVersion = 17.5.002.0
MinimumVisualStudioVersion = 10.0.40219.1
Project("{9A19103F-16F7-4668-BE54-9A1E7A4F7556}") = "ch_12_repo_in_use", "ch_12_repo_in_use.csproj", "{EF1DCBD8-D066-48B3-8A88-8D829E349E19}"
EndProject
Global
	GlobalSection(SolutionConfigurationPlatforms) = preSolution
		Debug|Any CPU = Debug|Any CPU
		Release|Any CPU = Release|Any CPU
	EndGlobalSection
	GlobalSection(ProjectConfigurationPlatforms) = postSolution
		{EF1DCBD8-D066-48B3-8A88-8D829E349E19}.Debug|Any CPU.ActiveCfg = Debug|Any CPU
		{EF1DCBD8-D066-48B3-8A88-8D829E349E19}.Debug|Any CPU.Build.0 = Debug|Any CPU
		{EF1DCBD8-D066-48B3-8A88-8D829E349E19}.Release|Any CPU.ActiveCfg = Release|Any CPU
		{EF1DCBD8-D066-48B3-8A88-8D829E349E19}.Release|Any CPU.Build.0 = Release|Any CPU
	EndGlobalSection
	GlobalSection(SolutionProperties) = preSolution
		HideSolutionNode = FALSE
	EndGlobalSection
	GlobalSection(ExtensibilityGlobals) = postSolution
		SolutionGuid = {15439E29-4137-4AF6-8092-9FDED591B798}
	EndGlobalSection
EndGlobal
