
Microsoft Visual Studio Solution File, Format Version 12.00
# Visual Studio Version 17
VisualStudioVersion = 17.5.002.0
MinimumVisualStudioVersion = 10.0.40219.1
Project("{9A19103F-16F7-4668-BE54-9A1E7A4F7556}") = "ch_06_cors", "ch_06_cors.csproj", "{C111D298-0410-48F7-94A2-EA0F6A3F4A12}"
EndProject
Global
	GlobalSection(SolutionConfigurationPlatforms) = preSolution
		Debug|Any CPU = Debug|Any CPU
		Release|Any CPU = Release|Any CPU
	EndGlobalSection
	GlobalSection(ProjectConfigurationPlatforms) = postSolution
		{C111D298-0410-48F7-94A2-EA0F6A3F4A12}.Debug|Any CPU.ActiveCfg = Debug|Any CPU
		{C111D298-0410-48F7-94A2-EA0F6A3F4A12}.Debug|Any CPU.Build.0 = Debug|Any CPU
		{C111D298-0410-48F7-94A2-EA0F6A3F4A12}.Release|Any CPU.ActiveCfg = Release|Any CPU
		{C111D298-0410-48F7-94A2-EA0F6A3F4A12}.Release|Any CPU.Build.0 = Release|Any CPU
	EndGlobalSection
	GlobalSection(SolutionProperties) = preSolution
		HideSolutionNode = FALSE
	EndGlobalSection
	GlobalSection(ExtensibilityGlobals) = postSolution
		SolutionGuid = {D4AE47CB-429B-4089-8612-D14EC84249F8}
	EndGlobalSection
EndGlobal
