
Microsoft Visual Studio Solution File, Format Version 12.00
# Visual Studio Version 17
VisualStudioVersion = 17.5.002.0
MinimumVisualStudioVersion = 10.0.40219.1
Project("{9A19103F-16F7-4668-BE54-9A1E7A4F7556}") = "ch_07_swagger", "ch_07_swagger.csproj", "{703F2A72-F77C-4A4F-BD12-FDD95EE0A287}"
EndProject
Global
	GlobalSection(SolutionConfigurationPlatforms) = preSolution
		Debug|Any CPU = Debug|Any CPU
		Release|Any CPU = Release|Any CPU
	EndGlobalSection
	GlobalSection(ProjectConfigurationPlatforms) = postSolution
		{703F2A72-F77C-4A4F-BD12-FDD95EE0A287}.Debug|Any CPU.ActiveCfg = Debug|Any CPU
		{703F2A72-F77C-4A4F-BD12-FDD95EE0A287}.Debug|Any CPU.Build.0 = Debug|Any CPU
		{703F2A72-F77C-4A4F-BD12-FDD95EE0A287}.Release|Any CPU.ActiveCfg = Release|Any CPU
		{703F2A72-F77C-4A4F-BD12-FDD95EE0A287}.Release|Any CPU.Build.0 = Release|Any CPU
	EndGlobalSection
	GlobalSection(SolutionProperties) = preSolution
		HideSolutionNode = FALSE
	EndGlobalSection
	GlobalSection(ExtensibilityGlobals) = postSolution
		SolutionGuid = {D61DF3D0-CDAB-4BDA-9C92-24EB67D7128B}
	EndGlobalSection
EndGlobal
