
Microsoft Visual Studio Solution File, Format Version 12.00
# Visual Studio Version 17
VisualStudioVersion = 17.5.002.0
MinimumVisualStudioVersion = 10.0.40219.1
Project("{9A19103F-16F7-4668-BE54-9A1E7A4F7556}") = "ch_01_hello", "ch_01_hello.csproj", "{6C8BB0BF-3EF9-4E19-9D9C-E8983EBC244D}"
EndProject
Global
	GlobalSection(SolutionConfigurationPlatforms) = preSolution
		Debug|Any CPU = Debug|Any CPU
		Release|Any CPU = Release|Any CPU
	EndGlobalSection
	GlobalSection(ProjectConfigurationPlatforms) = postSolution
		{6C8BB0BF-3EF9-4E19-9D9C-E8983EBC244D}.Debug|Any CPU.ActiveCfg = Debug|Any CPU
		{6C8BB0BF-3EF9-4E19-9D9C-E8983EBC244D}.Debug|Any CPU.Build.0 = Debug|Any CPU
		{6C8BB0BF-3EF9-4E19-9D9C-E8983EBC244D}.Release|Any CPU.ActiveCfg = Release|Any CPU
		{6C8BB0BF-3EF9-4E19-9D9C-E8983EBC244D}.Release|Any CPU.Build.0 = Release|Any CPU
	EndGlobalSection
	GlobalSection(SolutionProperties) = preSolution
		HideSolutionNode = FALSE
	EndGlobalSection
	GlobalSection(ExtensibilityGlobals) = postSolution
		SolutionGuid = {76C9DC0E-87A0-478E-BB85-A7D1062374D1}
	EndGlobalSection
EndGlobal
