
Microsoft Visual Studio Solution File, Format Version 12.00
# Visual Studio Version 17
VisualStudioVersion = 17.5.002.0
MinimumVisualStudioVersion = 10.0.40219.1
Project("{9A19103F-16F7-4668-BE54-9A1E7A4F7556}") = "ch_07_cors", "ch_07_cors.csproj", "{BF0C5433-6763-4EBF-99A6-656BFD6069ED}"
EndProject
Global
	GlobalSection(SolutionConfigurationPlatforms) = preSolution
		Debug|Any CPU = Debug|Any CPU
		Release|Any CPU = Release|Any CPU
	EndGlobalSection
	GlobalSection(ProjectConfigurationPlatforms) = postSolution
		{BF0C5433-6763-4EBF-99A6-656BFD6069ED}.Debug|Any CPU.ActiveCfg = Debug|Any CPU
		{BF0C5433-6763-4EBF-99A6-656BFD6069ED}.Debug|Any CPU.Build.0 = Debug|Any CPU
		{BF0C5433-6763-4EBF-99A6-656BFD6069ED}.Release|Any CPU.ActiveCfg = Release|Any CPU
		{BF0C5433-6763-4EBF-99A6-656BFD6069ED}.Release|Any CPU.Build.0 = Release|Any CPU
	EndGlobalSection
	GlobalSection(SolutionProperties) = preSolution
		HideSolutionNode = FALSE
	EndGlobalSection
	GlobalSection(ExtensibilityGlobals) = postSolution
		SolutionGuid = {245BC6C6-3632-4D28-B10B-C88E0DAA286F}
	EndGlobalSection
EndGlobal
